
Microsoft Visual Studio Solution File, Format Version 10.00
# Visual Studio 2008
Project("{FAE04EC0-301F-11D3-BF4B-00C04F79EFBC}") = "VRPpro", "VRPpro\VRPpro.csproj", "{484A9F8E-9B8D-4271-8EAB-1672EFF9D5D0}"
EndProject
Project("{FAE04EC0-301F-11D3-BF4B-00C04F79EFBC}") = "VrpForm", "VrpForm\VrpForm.csproj", "{4D764B65-CB45-4D8D-8C03-6AB2B6519BFF}"
EndProject
Global
	GlobalSection(SolutionConfigurationPlatforms) = preSolution
		Debug|Any CPU = Debug|Any CPU
		Release|Any CPU = Release|Any CPU
	EndGlobalSection
	GlobalSection(ProjectConfigurationPlatforms) = postSolution
		{484A9F8E-9B8D-4271-8EAB-1672EFF9D5D0}.Debug|Any CPU.ActiveCfg = Debug|Any CPU
		{484A9F8E-9B8D-4271-8EAB-1672EFF9D5D0}.Debug|Any CPU.Build.0 = Debug|Any CPU
		{484A9F8E-9B8D-4271-8EAB-1672EFF9D5D0}.Release|Any CPU.ActiveCfg = Release|Any CPU
		{484A9F8E-9B8D-4271-8EAB-1672EFF9D5D0}.Release|Any CPU.Build.0 = Release|Any CPU
		{4D764B65-CB45-4D8D-8C03-6AB2B6519BFF}.Debug|Any CPU.ActiveCfg = Debug|Any CPU
		{4D764B65-CB45-4D8D-8C03-6AB2B6519BFF}.Debug|Any CPU.Build.0 = Debug|Any CPU
		{4D764B65-CB45-4D8D-8C03-6AB2B6519BFF}.Release|Any CPU.ActiveCfg = Release|Any CPU
		{4D764B65-CB45-4D8D-8C03-6AB2B6519BFF}.Release|Any CPU.Build.0 = Release|Any CPU
	EndGlobalSection
	GlobalSection(SolutionProperties) = preSolution
		HideSolutionNode = FALSE
	EndGlobalSection
EndGlobal
